// !$*UTF8*$!
{
	archiveVersion = 1;
	classes = {
	};
	objectVersion = 46;
	objects = {

/* Begin PBXBuildFile section */
		923489B81A600007002C0B33 /* MapKit.framework in Frameworks */ = {isa = PBXBuildFile; fileRef = 923489B71A600007002C0B33 /* MapKit.framework */; };
		923489BB1A606EB3002C0B33 /* walktracker.xcdatamodeld in Sources */ = {isa = PBXBuildFile; fileRef = 923489B91A606EB3002C0B33 /* walktracker.xcdatamodeld */; };
		9264BE4D1A60759F0039824A /* Walk.swift in Sources */ = {isa = PBXBuildFile; fileRef = 9264BE4C1A60759F0039824A /* Walk.swift */; };
		9264BE821A6164580039824A /* WalkStore.swift in Sources */ = {isa = PBXBuildFile; fileRef = 9264BE811A6164580039824A /* WalkStore.swift */; };
		9264BEB61A6550350039824A /* AnimatedStartButton.swift in Sources */ = {isa = PBXBuildFile; fileRef = 9264BEB51A6550350039824A /* AnimatedStartButton.swift */; };
		92C338AF1A5FF18200DA1532 /* AppDelegate.swift in Sources */ = {isa = PBXBuildFile; fileRef = 92C338AE1A5FF18200DA1532 /* AppDelegate.swift */; };
		92C338B11A5FF18200DA1532 /* MapViewController.swift in Sources */ = {isa = PBXBuildFile; fileRef = 92C338B01A5FF18200DA1532 /* MapViewController.swift */; };
		92C338B61A5FF18200DA1532 /* Main.storyboard in Resources */ = {isa = PBXBuildFile; fileRef = 92C338B41A5FF18200DA1532 /* Main.storyboard */; };
		92C338B81A5FF18200DA1532 /* Images.xcassets in Resources */ = {isa = PBXBuildFile; fileRef = 92C338B71A5FF18200DA1532 /* Images.xcassets */; };
		92C338BB1A5FF18200DA1532 /* LaunchScreen.xib in Resources */ = {isa = PBXBuildFile; fileRef = 92C338B91A5FF18200DA1532 /* LaunchScreen.xib */; };
		92C338C71A5FF18200DA1532 /* walktrackerTests.swift in Sources */ = {isa = PBXBuildFile; fileRef = 92C338C61A5FF18200DA1532 /* walktrackerTests.swift */; };
		92EE08391A72891E00D3313B /* WalksViewController.swift in Sources */ = {isa = PBXBuildFile; fileRef = 92EE08381A72891E00D3313B /* WalksViewController.swift */; };
/* End PBXBuildFile section */

/* Begin PBXContainerItemProxy section */
		92C338C11A5FF18200DA1532 /* PBXContainerItemProxy */ = {
			isa = PBXContainerItemProxy;
			containerPortal = 92C338A11A5FF18200DA1532 /* Project object */;
			proxyType = 1;
			remoteGlobalIDString = 92C338A81A5FF18200DA1532;
			remoteInfo = walktracker;
		};
/* End PBXContainerItemProxy section */

/* Begin PBXFileReference section */
		923489B71A600007002C0B33 /* MapKit.framework */ = {isa = PBXFileReference; lastKnownFileType = wrapper.framework; name = MapKit.framework; path = System/Library/Frameworks/MapKit.framework; sourceTree = SDKROOT; };
		923489BA1A606EB3002C0B33 /* walktracker.xcdatamodel */ = {isa = PBXFileReference; lastKnownFileType = wrapper.xcdatamodel; path = walktracker.xcdatamodel; sourceTree = "<group>"; };
		9264BE4C1A60759F0039824A /* Walk.swift */ = {isa = PBXFileReference; fileEncoding = 4; lastKnownFileType = sourcecode.swift; path = Walk.swift; sourceTree = "<group>"; };
		9264BE811A6164580039824A /* WalkStore.swift */ = {isa = PBXFileReference; fileEncoding = 4; lastKnownFileType = sourcecode.swift; path = WalkStore.swift; sourceTree = "<group>"; };
		9264BEB51A6550350039824A /* AnimatedStartButton.swift */ = {isa = PBXFileReference; fileEncoding = 4; lastKnownFileType = sourcecode.swift; path = AnimatedStartButton.swift; sourceTree = "<group>"; };
		92C338A91A5FF18200DA1532 /* walktracker.app */ = {isa = PBXFileReference; explicitFileType = wrapper.application; includeInIndex = 0; path = walktracker.app; sourceTree = BUILT_PRODUCTS_DIR; };
		92C338AD1A5FF18200DA1532 /* Info.plist */ = {isa = PBXFileReference; lastKnownFileType = text.plist.xml; path = Info.plist; sourceTree = "<group>"; };
		92C338AE1A5FF18200DA1532 /* AppDelegate.swift */ = {isa = PBXFileReference; lastKnownFileType = sourcecode.swift; path = AppDelegate.swift; sourceTree = "<group>"; };
		92C338B01A5FF18200DA1532 /* MapViewController.swift */ = {isa = PBXFileReference; lastKnownFileType = sourcecode.swift; path = MapViewController.swift; sourceTree = "<group>"; };
		92C338B51A5FF18200DA1532 /* Base */ = {isa = PBXFileReference; lastKnownFileType = file.storyboard; name = Base; path = Base.lproj/Main.storyboard; sourceTree = "<group>"; };
		92C338B71A5FF18200DA1532 /* Images.xcassets */ = {isa = PBXFileReference; lastKnownFileType = folder.assetcatalog; path = Images.xcassets; sourceTree = "<group>"; };
		92C338BA1A5FF18200DA1532 /* Base */ = {isa = PBXFileReference; lastKnownFileType = file.xib; name = Base; path = Base.lproj/LaunchScreen.xib; sourceTree = "<group>"; };
		92C338C01A5FF18200DA1532 /* walktrackerTests.xctest */ = {isa = PBXFileReference; explicitFileType = wrapper.cfbundle; includeInIndex = 0; path = walktrackerTests.xctest; sourceTree = BUILT_PRODUCTS_DIR; };
		92C338C51A5FF18200DA1532 /* Info.plist */ = {isa = PBXFileReference; lastKnownFileType = text.plist.xml; path = Info.plist; sourceTree = "<group>"; };
		92C338C61A5FF18200DA1532 /* walktrackerTests.swift */ = {isa = PBXFileReference; lastKnownFileType = sourcecode.swift; path = walktrackerTests.swift; sourceTree = "<group>"; };
		92EE08381A72891E00D3313B /* WalksViewController.swift */ = {isa = PBXFileReference; fileEncoding = 4; lastKnownFileType = sourcecode.swift; path = WalksViewController.swift; sourceTree = "<group>"; };
/* End PBXFileReference section */

/* Begin PBXFrameworksBuildPhase section */
		92C338A61A5FF18200DA1532 /* Frameworks */ = {
			isa = PBXFrameworksBuildPhase;
			buildActionMask = 2147483647;
			files = (
				923489B81A600007002C0B33 /* MapKit.framework in Frameworks */,
			);
			runOnlyForDeploymentPostprocessing = 0;
		};
		92C338BD1A5FF18200DA1532 /* Frameworks */ = {
			isa = PBXFrameworksBuildPhase;
			buildActionMask = 2147483647;
			files = (
			);
			runOnlyForDeploymentPostprocessing = 0;
		};
/* End PBXFrameworksBuildPhase section */

/* Begin PBXGroup section */
		92C338A01A5FF18200DA1532 = {
			isa = PBXGroup;
			children = (
				923489B71A600007002C0B33 /* MapKit.framework */,
				92C338AB1A5FF18200DA1532 /* walktracker */,
				92C338C31A5FF18200DA1532 /* walktrackerTests */,
				92C338AA1A5FF18200DA1532 /* Products */,
			);
			sourceTree = "<group>";
		};
		92C338AA1A5FF18200DA1532 /* Products */ = {
			isa = PBXGroup;
			children = (
				92C338A91A5FF18200DA1532 /* walktracker.app */,
				92C338C01A5FF18200DA1532 /* walktrackerTests.xctest */,
			);
			name = Products;
			sourceTree = "<group>";
		};
		92C338AB1A5FF18200DA1532 /* walktracker */ = {
			isa = PBXGroup;
			children = (
				92C338AE1A5FF18200DA1532 /* AppDelegate.swift */,
				92C338B01A5FF18200DA1532 /* MapViewController.swift */,
				92EE08381A72891E00D3313B /* WalksViewController.swift */,
				9264BE811A6164580039824A /* WalkStore.swift */,
				9264BE4C1A60759F0039824A /* Walk.swift */,
				92C338B41A5FF18200DA1532 /* Main.storyboard */,
				92C338B71A5FF18200DA1532 /* Images.xcassets */,
				923489B91A606EB3002C0B33 /* walktracker.xcdatamodeld */,
				92C338B91A5FF18200DA1532 /* LaunchScreen.xib */,
				92C338AC1A5FF18200DA1532 /* Supporting Files */,
				9264BEB51A6550350039824A /* AnimatedStartButton.swift */,
			);
			path = walktracker;
			sourceTree = "<group>";
		};
		92C338AC1A5FF18200DA1532 /* Supporting Files */ = {
			isa = PBXGroup;
			children = (
				92C338AD1A5FF18200DA1532 /* Info.plist */,
			);
			name = "Supporting Files";
			sourceTree = "<group>";
		};
		92C338C31A5FF18200DA1532 /* walktrackerTests */ = {
			isa = PBXGroup;
			children = (
				92C338C61A5FF18200DA1532 /* walktrackerTests.swift */,
				92C338C41A5FF18200DA1532 /* Supporting Files */,
			);
			path = walktrackerTests;
			sourceTree = "<group>";
		};
		92C338C41A5FF18200DA1532 /* Supporting Files */ = {
			isa = PBXGroup;
			children = (
				92C338C51A5FF18200DA1532 /* Info.plist */,
			);
			name = "Supporting Files";
			sourceTree = "<group>";
		};
/* End PBXGroup section */

/* Begin PBXNativeTarget section */
		92C338A81A5FF18200DA1532 /* walktracker */ = {
			isa = PBXNativeTarget;
			buildConfigurationList = 92C338CA1A5FF18200DA1532 /* Build configuration list for PBXNativeTarget "walktracker" */;
			buildPhases = (
				92C338A51A5FF18200DA1532 /* Sources */,
				92C338A61A5FF18200DA1532 /* Frameworks */,
				92C338A71A5FF18200DA1532 /* Resources */,
			);
			buildRules = (
			);
			dependencies = (
			);
			name = walktracker;
			productName = walktracker;
			productReference = 92C338A91A5FF18200DA1532 /* walktracker.app */;
			productType = "com.apple.product-type.application";
		};
		92C338BF1A5FF18200DA1532 /* walktrackerTests */ = {
			isa = PBXNativeTarget;
			buildConfigurationList = 92C338CD1A5FF18200DA1532 /* Build configuration list for PBXNativeTarget "walktrackerTests" */;
			buildPhases = (
				92C338BC1A5FF18200DA1532 /* Sources */,
				92C338BD1A5FF18200DA1532 /* Frameworks */,
				92C338BE1A5FF18200DA1532 /* Resources */,
			);
			buildRules = (
			);
			dependencies = (
				92C338C21A5FF18200DA1532 /* PBXTargetDependency */,
			);
			name = walktrackerTests;
			productName = walktrackerTests;
			productReference = 92C338C01A5FF18200DA1532 /* walktrackerTests.xctest */;
			productType = "com.apple.product-type.bundle.unit-test";
		};
/* End PBXNativeTarget section */

/* Begin PBXProject section */
		92C338A11A5FF18200DA1532 /* Project object */ = {
			isa = PBXProject;
			attributes = {
				LastUpgradeCheck = 0610;
				ORGANIZATIONNAME = "Alpine Pipeline";
				TargetAttributes = {
					92C338A81A5FF18200DA1532 = {
						CreatedOnToolsVersion = 6.1.1;
						SystemCapabilities = {
							com.apple.Maps.iOS = {
								enabled = 1;
							};
						};
					};
					92C338BF1A5FF18200DA1532 = {
						CreatedOnToolsVersion = 6.1.1;
						TestTargetID = 92C338A81A5FF18200DA1532;
					};
				};
			};
			buildConfigurationList = 92C338A41A5FF18200DA1532 /* Build configuration list for PBXProject "walktracker" */;
			compatibilityVersion = "Xcode 3.2";
			developmentRegion = English;
			hasScannedForEncodings = 0;
			knownRegions = (
				en,
				Base,
			);
			mainGroup = 92C338A01A5FF18200DA1532;
			productRefGroup = 92C338AA1A5FF18200DA1532 /* Products */;
			projectDirPath = "";
			projectRoot = "";
			targets = (
				92C338A81A5FF18200DA1532 /* walktracker */,
				92C338BF1A5FF18200DA1532 /* walktrackerTests */,
			);
		};
/* End PBXProject section */

/* Begin PBXResourcesBuildPhase section */
		92C338A71A5FF18200DA1532 /* Resources */ = {
			isa = PBXResourcesBuildPhase;
			buildActionMask = 2147483647;
			files = (
				92C338B61A5FF18200DA1532 /* Main.storyboard in Resources */,
				92C338BB1A5FF18200DA1532 /* LaunchScreen.xib in Resources */,
				92C338B81A5FF18200DA1532 /* Images.xcassets in Resources */,
			);
			runOnlyForDeploymentPostprocessing = 0;
		};
		92C338BE1A5FF18200DA1532 /* Resources */ = {
			isa = PBXResourcesBuildPhase;
			buildActionMask = 2147483647;
			files = (
			);
			runOnlyForDeploymentPostprocessing = 0;
		};
/* End PBXResourcesBuildPhase section */

/* Begin PBXSourcesBuildPhase section */
		92C338A51A5FF18200DA1532 /* Sources */ = {
			isa = PBXSourcesBuildPhase;
			buildActionMask = 2147483647;
			files = (
				9264BE4D1A60759F0039824A /* Walk.swift in Sources */,
				92C338AF1A5FF18200DA1532 /* AppDelegate.swift in Sources */,
				92C338B11A5FF18200DA1532 /* MapViewController.swift in Sources */,
				9264BEB61A6550350039824A /* AnimatedStartButton.swift in Sources */,
				923489BB1A606EB3002C0B33 /* walktracker.xcdatamodeld in Sources */,
				9264BE821A6164580039824A /* WalkStore.swift in Sources */,
				92EE08391A72891E00D3313B /* WalksViewController.swift in Sources */,
			);
			runOnlyForDeploymentPostprocessing = 0;
		};
		92C338BC1A5FF18200DA1532 /* Sources */ = {
			isa = PBXSourcesBuildPhase;
			buildActionMask = 2147483647;
			files = (
				92C338C71A5FF18200DA1532 /* walktrackerTests.swift in Sources */,
			);
			runOnlyForDeploymentPostprocessing = 0;
		};
/* End PBXSourcesBuildPhase section */

/* Begin PBXTargetDependency section */
		92C338C21A5FF18200DA1532 /* PBXTargetDependency */ = {
			isa = PBXTargetDependency;
			target = 92C338A81A5FF18200DA1532 /* walktracker */;
			targetProxy = 92C338C11A5FF18200DA1532 /* PBXContainerItemProxy */;
		};
/* End PBXTargetDependency section */

/* Begin PBXVariantGroup section */
		92C338B41A5FF18200DA1532 /* Main.storyboard */ = {
			isa = PBXVariantGroup;
			children = (
				92C338B51A5FF18200DA1532 /* Base */,
			);
			name = Main.storyboard;
			sourceTree = "<group>";
		};
		92C338B91A5FF18200DA1532 /* LaunchScreen.xib */ = {
			isa = PBXVariantGroup;
			children = (
				92C338BA1A5FF18200DA1532 /* Base */,
			);
			name = LaunchScreen.xib;
			sourceTree = "<group>";
		};
/* End PBXVariantGroup section */

/* Begin XCBuildConfiguration section */
		92C338C81A5FF18200DA1532 /* Debug */ = {
			isa = XCBuildConfiguration;
			buildSettings = {
				ALWAYS_SEARCH_USER_PATHS = NO;
				CLANG_CXX_LANGUAGE_STANDARD = "gnu++0x";
				CLANG_CXX_LIBRARY = "libc++";
				CLANG_ENABLE_MODULES = YES;
				CLANG_ENABLE_OBJC_ARC = YES;
				CLANG_WARN_BOOL_CONVERSION = YES;
				CLANG_WARN_CONSTANT_CONVERSION = YES;
				CLANG_WARN_DIRECT_OBJC_ISA_USAGE = YES_ERROR;
				CLANG_WARN_EMPTY_BODY = YES;
				CLANG_WARN_ENUM_CONVERSION = YES;
				CLANG_WARN_INT_CONVERSION = YES;
				CLANG_WARN_OBJC_ROOT_CLASS = YES_ERROR;
				CLANG_WARN_UNREACHABLE_CODE = YES;
				CLANG_WARN__DUPLICATE_METHOD_MATCH = YES;
				"CODE_SIGN_IDENTITY[sdk=iphoneos*]" = "iPhone Developer";
				COPY_PHASE_STRIP = NO;
				ENABLE_STRICT_OBJC_MSGSEND = YES;
				GCC_C_LANGUAGE_STANDARD = gnu99;
				GCC_DYNAMIC_NO_PIC = NO;
				GCC_OPTIMIZATION_LEVEL = 0;
				GCC_PREPROCESSOR_DEFINITIONS = (
					"DEBUG=1",
					"$(inherited)",
				);
				GCC_SYMBOLS_PRIVATE_EXTERN = NO;
				GCC_WARN_64_TO_32_BIT_CONVERSION = YES;
				GCC_WARN_ABOUT_RETURN_TYPE = YES_ERROR;
				GCC_WARN_UNDECLARED_SELECTOR = YES;
				GCC_WARN_UNINITIALIZED_AUTOS = YES_AGGRESSIVE;
				GCC_WARN_UNUSED_FUNCTION = YES;
				GCC_WARN_UNUSED_VARIABLE = YES;
				IPHONEOS_DEPLOYMENT_TARGET = 8.1;
				MTL_ENABLE_DEBUG_INFO = YES;
				ONLY_ACTIVE_ARCH = YES;
				SDKROOT = iphoneos;
				SWIFT_OPTIMIZATION_LEVEL = "-Onone";
				TARGETED_DEVICE_FAMILY = "1,2";
			};
			name = Debug;
		};
		92C338C91A5FF18200DA1532 /* Release */ = {
			isa = XCBuildConfiguration;
			buildSettings = {
				ALWAYS_SEARCH_USER_PATHS = NO;
				CLANG_CXX_LANGUAGE_STANDARD = "gnu++0x";
				CLANG_CXX_LIBRARY = "libc++";
				CLANG_ENABLE_MODULES = YES;
				CLANG_ENABLE_OBJC_ARC = YES;
				CLANG_WARN_BOOL_CONVERSION = YES;
				CLANG_WARN_CONSTANT_CONVERSION = YES;
				CLANG_WARN_DIRECT_OBJC_ISA_USAGE = YES_ERROR;
				CLANG_WARN_EMPTY_BODY = YES;
				CLANG_WARN_ENUM_CONVERSION = YES;
				CLANG_WARN_INT_CONVERSION = YES;
				CLANG_WARN_OBJC_ROOT_CLASS = YES_ERROR;
				CLANG_WARN_UNREACHABLE_CODE = YES;
				CLANG_WARN__DUPLICATE_METHOD_MATCH = YES;
				"CODE_SIGN_IDENTITY[sdk=iphoneos*]" = "iPhone Developer";
				COPY_PHASE_STRIP = YES;
				ENABLE_NS_ASSERTIONS = NO;
				ENABLE_STRICT_OBJC_MSGSEND = YES;
				GCC_C_LANGUAGE_STANDARD = gnu99;
				GCC_WARN_64_TO_32_BIT_CONVERSION = YES;
				GCC_WARN_ABOUT_RETURN_TYPE = YES_ERROR;
				GCC_WARN_UNDECLARED_SELECTOR = YES;
				GCC_WARN_UNINITIALIZED_AUTOS = YES_AGGRESSIVE;
				GCC_WARN_UNUSED_FUNCTION = YES;
				GCC_WARN_UNUSED_VARIABLE = YES;
				IPHONEOS_DEPLOYMENT_TARGET = 8.1;
				MTL_ENABLE_DEBUG_INFO = NO;
				SDKROOT = iphoneos;
				TARGETED_DEVICE_FAMILY = "1,2";
				VALIDATE_PRODUCT = YES;
			};
			name = Release;
		};
		92C338CB1A5FF18200DA1532 /* Debug */ = {
			isa = XCBuildConfiguration;
			buildSettings = {
				ASSETCATALOG_COMPILER_APPICON_NAME = AppIcon;
				CODE_SIGN_IDENTITY = "iPhone Developer";
				INFOPLIST_FILE = walktracker/Info.plist;
				IPHONEOS_DEPLOYMENT_TARGET = 8.0;
				LD_RUNPATH_SEARCH_PATHS = "$(inherited) @executable_path/Frameworks";
				PRODUCT_NAME = "$(TARGET_NAME)";
			};
			name = Debug;
		};
		92C338CC1A5FF18200DA1532 /* Release */ = {
			isa = XCBuildConfiguration;
			buildSettings = {
				ASSETCATALOG_COMPILER_APPICON_NAME = AppIcon;
				CODE_SIGN_IDENTITY = "iPhone Developer";
				INFOPLIST_FILE = walktracker/Info.plist;
				IPHONEOS_DEPLOYMENT_TARGET = 8.0;
				LD_RUNPATH_SEARCH_PATHS = "$(inherited) @executable_path/Frameworks";
				PRODUCT_NAME = "$(TARGET_NAME)";
			};
			name = Release;
		};
		92C338CE1A5FF18200DA1532 /* Debug */ = {
			isa = XCBuildConfiguration;
			buildSettings = {
				BUNDLE_LOADER = "$(TEST_HOST)";
				FRAMEWORK_SEARCH_PATHS = (
					"$(SDKROOT)/Developer/Library/Frameworks",
					"$(inherited)",
				);
				GCC_PREPROCESSOR_DEFINITIONS = (
					"DEBUG=1",
					"$(inherited)",
				);
				INFOPLIST_FILE = walktrackerTests/Info.plist;
				LD_RUNPATH_SEARCH_PATHS = "$(inherited) @executable_path/Frameworks @loader_path/Frameworks";
				PRODUCT_NAME = "$(TARGET_NAME)";
				TEST_HOST = "$(BUILT_PRODUCTS_DIR)/walktracker.app/walktracker";
			};
			name = Debug;
		};
		92C338CF1A5FF18200DA1532 /* Release */ = {
			isa = XCBuildConfiguration;
			buildSettings = {
				BUNDLE_LOADER = "$(TEST_HOST)";
				FRAMEWORK_SEARCH_PATHS = (
					"$(SDKROOT)/Developer/Library/Frameworks",
					"$(inherited)",
				);
				INFOPLIST_FILE = walktrackerTests/Info.plist;
				LD_RUNPATH_SEARCH_PATHS = "$(inherited) @executable_path/Frameworks @loader_path/Frameworks";
				PRODUCT_NAME = "$(TARGET_NAME)";
				TEST_HOST = "$(BUILT_PRODUCTS_DIR)/walktracker.app/walktracker";
			};
			name = Release;
		};
/* End XCBuildConfiguration section */

/* Begin XCConfigurationList section */
		92C338A41A5FF18200DA1532 /* Build configuration list for PBXProject "walktracker" */ = {
			isa = XCConfigurationList;
			buildConfigurations = (
				92C338C81A5FF18200DA1532 /* Debug */,
				92C338C91A5FF18200DA1532 /* Release */,
			);
			defaultConfigurationIsVisible = 0;
			defaultConfigurationName = Release;
		};
		92C338CA1A5FF18200DA1532 /* Build configuration list for PBXNativeTarget "walktracker" */ = {
			isa = XCConfigurationList;
			buildConfigurations = (
				92C338CB1A5FF18200DA1532 /* Debug */,
				92C338CC1A5FF18200DA1532 /* Release */,
			);
			defaultConfigurationIsVisible = 0;
			defaultConfigurationName = Release;
		};
		92C338CD1A5FF18200DA1532 /* Build configuration list for PBXNativeTarget "walktrackerTests" */ = {
			isa = XCConfigurationList;
			buildConfigurations = (
				92C338CE1A5FF18200DA1532 /* Debug */,
				92C338CF1A5FF18200DA1532 /* Release */,
			);
			defaultConfigurationIsVisible = 0;
			defaultConfigurationName = Release;
		};
/* End XCConfigurationList section */

/* Begin XCVersionGroup section */
		923489B91A606EB3002C0B33 /* walktracker.xcdatamodeld */ = {
			isa = XCVersionGroup;
			children = (
				923489BA1A606EB3002C0B33 /* walktracker.xcdatamodel */,
			);
			currentVersion = 923489BA1A606EB3002C0B33 /* walktracker.xcdatamodel */;
			path = walktracker.xcdatamodeld;
			sourceTree = "<group>";
			versionGroupType = wrapper.xcdatamodel;
		};
/* End XCVersionGroup section */
	};
	rootObject = 92C338A11A5FF18200DA1532 /* Project object */;
}
